
Microsoft Visual Studio Solution File, Format Version 12.00
# Visual Studio Version 16
VisualStudioVersion = 16.0.28803.352
MinimumVisualStudioVersion = 10.0.40219.1
Project("{FAE04EC0-301F-11D3-BF4B-00C04F79EFBC}") = "Homework5.2", "..\Homework5.2\Homework5.2.csproj", "{6ABFF95F-FD62-4642-BF49-98D3DDF764B5}"
EndProject
Project("{FAE04EC0-301F-11D3-BF4B-00C04F79EFBC}") = "Homework5.3", "..\Homework5.3\Homework5.3.csproj", "{8A2AD38D-76CC-45BB-944F-B7D3DCDD210B}"
EndProject
Project("{FAE04EC0-301F-11D3-BF4B-00C04F79EFBC}") = "Homework5.4", "..\Homework5.4\Homework5.4.csproj", "{77CF58A5-44B0-4484-881A-44485692E1A9}"
EndProject
Project("{FAE04EC0-301F-11D3-BF4B-00C04F79EFBC}") = "Homework5.4_a", "..\Homework5.4_a\Homework5.4_a.csproj", "{5E6E5545-C483-411B-A51B-08E3B5A65546}"
EndProject
Project("{FAE04EC0-301F-11D3-BF4B-00C04F79EFBC}") = "Homework5.5", "..\Homework5.5\Homework5.5.csproj", "{13780DEE-C3BD-4848-9D74-EF2B24F8B465}"
EndProject
Project("{FAE04EC0-301F-11D3-BF4B-00C04F79EFBC}") = "Homework5.1", "Homework5.1.csproj", "{19FECB8C-06C0-41B8-B45F-DB1CC5745DA2}"
EndProject
Global
	GlobalSection(SolutionConfigurationPlatforms) = preSolution
		Debug|Any CPU = Debug|Any CPU
		Release|Any CPU = Release|Any CPU
	EndGlobalSection
	GlobalSection(ProjectConfigurationPlatforms) = postSolution
		{6ABFF95F-FD62-4642-BF49-98D3DDF764B5}.Debug|Any CPU.ActiveCfg = Debug|Any CPU
		{6ABFF95F-FD62-4642-BF49-98D3DDF764B5}.Debug|Any CPU.Build.0 = Debug|Any CPU
		{6ABFF95F-FD62-4642-BF49-98D3DDF764B5}.Release|Any CPU.ActiveCfg = Release|Any CPU
		{6ABFF95F-FD62-4642-BF49-98D3DDF764B5}.Release|Any CPU.Build.0 = Release|Any CPU
		{8A2AD38D-76CC-45BB-944F-B7D3DCDD210B}.Debug|Any CPU.ActiveCfg = Debug|Any CPU
		{8A2AD38D-76CC-45BB-944F-B7D3DCDD210B}.Debug|Any CPU.Build.0 = Debug|Any CPU
		{8A2AD38D-76CC-45BB-944F-B7D3DCDD210B}.Release|Any CPU.ActiveCfg = Release|Any CPU
		{8A2AD38D-76CC-45BB-944F-B7D3DCDD210B}.Release|Any CPU.Build.0 = Release|Any CPU
		{77CF58A5-44B0-4484-881A-44485692E1A9}.Debug|Any CPU.ActiveCfg = Debug|Any CPU
		{77CF58A5-44B0-4484-881A-44485692E1A9}.Debug|Any CPU.Build.0 = Debug|Any CPU
		{77CF58A5-44B0-4484-881A-44485692E1A9}.Release|Any CPU.ActiveCfg = Release|Any CPU
		{77CF58A5-44B0-4484-881A-44485692E1A9}.Release|Any CPU.Build.0 = Release|Any CPU
		{5E6E5545-C483-411B-A51B-08E3B5A65546}.Debug|Any CPU.ActiveCfg = Debug|Any CPU
		{5E6E5545-C483-411B-A51B-08E3B5A65546}.Debug|Any CPU.Build.0 = Debug|Any CPU
		{5E6E5545-C483-411B-A51B-08E3B5A65546}.Release|Any CPU.ActiveCfg = Release|Any CPU
		{5E6E5545-C483-411B-A51B-08E3B5A65546}.Release|Any CPU.Build.0 = Release|Any CPU
		{13780DEE-C3BD-4848-9D74-EF2B24F8B465}.Debug|Any CPU.ActiveCfg = Debug|Any CPU
		{13780DEE-C3BD-4848-9D74-EF2B24F8B465}.Debug|Any CPU.Build.0 = Debug|Any CPU
		{13780DEE-C3BD-4848-9D74-EF2B24F8B465}.Release|Any CPU.ActiveCfg = Release|Any CPU
		{13780DEE-C3BD-4848-9D74-EF2B24F8B465}.Release|Any CPU.Build.0 = Release|Any CPU
		{19FECB8C-06C0-41B8-B45F-DB1CC5745DA2}.Debug|Any CPU.ActiveCfg = Debug|Any CPU
		{19FECB8C-06C0-41B8-B45F-DB1CC5745DA2}.Debug|Any CPU.Build.0 = Debug|Any CPU
		{19FECB8C-06C0-41B8-B45F-DB1CC5745DA2}.Release|Any CPU.ActiveCfg = Release|Any CPU
		{19FECB8C-06C0-41B8-B45F-DB1CC5745DA2}.Release|Any CPU.Build.0 = Release|Any CPU
	EndGlobalSection
	GlobalSection(SolutionProperties) = preSolution
		HideSolutionNode = FALSE
	EndGlobalSection
	GlobalSection(ExtensibilityGlobals) = postSolution
		SolutionGuid = {BD6032E7-B1BF-4DB4-A2D9-3EE0AA3C8C96}
	EndGlobalSection
EndGlobal
